
Microsoft Visual Studio Solution File, Format Version 12.00
# Visual Studio 15
VisualStudioVersion = 15.0.28307.329
MinimumVisualStudioVersion = 10.0.40219.1
Project("{8BC9CEB8-8B4A-11D0-8D11-00A0C91BC942}") = "ProxyServer", "ProxyServer\ProxyServer.vcxproj", "{E83A1C92-D68E-4CB3-A552-983EDE0AB130}"
EndProject
Project("{8BC9CEB8-8B4A-11D0-8D11-00A0C91BC942}") = "ProxyClient", "ProxyClient\ProxyClient.vcxproj", "{C2722889-1D2D-4494-A682-F8A0648A37AB}"
EndProject
Global
	GlobalSection(SolutionConfigurationPlatforms) = preSolution
		Debug|ARM = Debug|ARM
		Debug|ARM64 = Debug|ARM64
		Debug|x64 = Debug|x64
		Debug|x86 = Debug|x86
		Release|ARM = Release|ARM
		Release|ARM64 = Release|ARM64
		Release|x64 = Release|x64
		Release|x86 = Release|x86
	EndGlobalSection
	GlobalSection(ProjectConfigurationPlatforms) = postSolution
		{E83A1C92-D68E-4CB3-A552-983EDE0AB130}.Debug|ARM.ActiveCfg = Debug|ARM
		{E83A1C92-D68E-4CB3-A552-983EDE0AB130}.Debug|ARM.Build.0 = Debug|ARM
		{E83A1C92-D68E-4CB3-A552-983EDE0AB130}.Debug|ARM64.ActiveCfg = Debug|ARM64
		{E83A1C92-D68E-4CB3-A552-983EDE0AB130}.Debug|ARM64.Build.0 = Debug|ARM64
		{E83A1C92-D68E-4CB3-A552-983EDE0AB130}.Debug|x64.ActiveCfg = Debug|x64
		{E83A1C92-D68E-4CB3-A552-983EDE0AB130}.Debug|x64.Build.0 = Debug|x64
		{E83A1C92-D68E-4CB3-A552-983EDE0AB130}.Debug|x86.ActiveCfg = Debug|x86
		{E83A1C92-D68E-4CB3-A552-983EDE0AB130}.Debug|x86.Build.0 = Debug|x86
		{E83A1C92-D68E-4CB3-A552-983EDE0AB130}.Release|ARM.ActiveCfg = Release|ARM
		{E83A1C92-D68E-4CB3-A552-983EDE0AB130}.Release|ARM.Build.0 = Release|ARM
		{E83A1C92-D68E-4CB3-A552-983EDE0AB130}.Release|ARM64.ActiveCfg = Release|ARM64
		{E83A1C92-D68E-4CB3-A552-983EDE0AB130}.Release|ARM64.Build.0 = Release|ARM64
		{E83A1C92-D68E-4CB3-A552-983EDE0AB130}.Release|x64.ActiveCfg = Release|x64
		{E83A1C92-D68E-4CB3-A552-983EDE0AB130}.Release|x64.Build.0 = Release|x64
		{E83A1C92-D68E-4CB3-A552-983EDE0AB130}.Release|x86.ActiveCfg = Release|x86
		{E83A1C92-D68E-4CB3-A552-983EDE0AB130}.Release|x86.Build.0 = Release|x86
		{C2722889-1D2D-4494-A682-F8A0648A37AB}.Debug|ARM.ActiveCfg = Debug|ARM
		{C2722889-1D2D-4494-A682-F8A0648A37AB}.Debug|ARM.Build.0 = Debug|ARM
		{C2722889-1D2D-4494-A682-F8A0648A37AB}.Debug|ARM64.ActiveCfg = Debug|ARM64
		{C2722889-1D2D-4494-A682-F8A0648A37AB}.Debug|ARM64.Build.0 = Debug|ARM64
		{C2722889-1D2D-4494-A682-F8A0648A37AB}.Debug|x64.ActiveCfg = Debug|x64
		{C2722889-1D2D-4494-A682-F8A0648A37AB}.Debug|x64.Build.0 = Debug|x64
		{C2722889-1D2D-4494-A682-F8A0648A37AB}.Debug|x86.ActiveCfg = Debug|x86
		{C2722889-1D2D-4494-A682-F8A0648A37AB}.Debug|x86.Build.0 = Debug|x86
		{C2722889-1D2D-4494-A682-F8A0648A37AB}.Release|ARM.ActiveCfg = Release|ARM
		{C2722889-1D2D-4494-A682-F8A0648A37AB}.Release|ARM.Build.0 = Release|ARM
		{C2722889-1D2D-4494-A682-F8A0648A37AB}.Release|ARM64.ActiveCfg = Release|ARM64
		{C2722889-1D2D-4494-A682-F8A0648A37AB}.Release|ARM64.Build.0 = Release|ARM64
		{C2722889-1D2D-4494-A682-F8A0648A37AB}.Release|x64.ActiveCfg = Release|x64
		{C2722889-1D2D-4494-A682-F8A0648A37AB}.Release|x64.Build.0 = Release|x64
		{C2722889-1D2D-4494-A682-F8A0648A37AB}.Release|x86.ActiveCfg = Release|x86
		{C2722889-1D2D-4494-A682-F8A0648A37AB}.Release|x86.Build.0 = Release|x86
	EndGlobalSection
	GlobalSection(SolutionProperties) = preSolution
		HideSolutionNode = FALSE
	EndGlobalSection
	GlobalSection(ExtensibilityGlobals) = postSolution
		SolutionGuid = {F79929A7-41AF-4E59-98D4-B5D078FFD2D6}
	EndGlobalSection
EndGlobal
